
Microsoft Visual Studio Solution File, Format Version 12.00
# Visual Studio Version 16
VisualStudioVersion = 16.0.29403.142
MinimumVisualStudioVersion = 10.0.40219.1
Project("{FAE04EC0-301F-11D3-BF4B-00C04F79EFBC}") = "CosmosQueryBuilder", "CosmosQueryBuilder\CosmosQueryBuilder.csproj", "{F7EAEEC8-7ED6-48CA-A68B-31963D29D8CD}"
EndProject
Project("{FAE04EC0-301F-11D3-BF4B-00C04F79EFBC}") = "CosmosQueryBuilder.Tests", "CosmosQueryBuilder.Tests\CosmosQueryBuilder.Tests.csproj", "{32CA6205-25DB-4315-A754-B22AEEF1FBF8}"
EndProject
Global
	GlobalSection(SolutionConfigurationPlatforms) = preSolution
		Debug|Any CPU = Debug|Any CPU
		Release|Any CPU = Release|Any CPU
	EndGlobalSection
	GlobalSection(ProjectConfigurationPlatforms) = postSolution
		{F7EAEEC8-7ED6-48CA-A68B-31963D29D8CD}.Debug|Any CPU.ActiveCfg = Debug|Any CPU
		{F7EAEEC8-7ED6-48CA-A68B-31963D29D8CD}.Debug|Any CPU.Build.0 = Debug|Any CPU
		{F7EAEEC8-7ED6-48CA-A68B-31963D29D8CD}.Release|Any CPU.ActiveCfg = Release|Any CPU
		{F7EAEEC8-7ED6-48CA-A68B-31963D29D8CD}.Release|Any CPU.Build.0 = Release|Any CPU
		{32CA6205-25DB-4315-A754-B22AEEF1FBF8}.Debug|Any CPU.ActiveCfg = Debug|Any CPU
		{32CA6205-25DB-4315-A754-B22AEEF1FBF8}.Debug|Any CPU.Build.0 = Debug|Any CPU
		{32CA6205-25DB-4315-A754-B22AEEF1FBF8}.Release|Any CPU.ActiveCfg = Release|Any CPU
		{32CA6205-25DB-4315-A754-B22AEEF1FBF8}.Release|Any CPU.Build.0 = Release|Any CPU
	EndGlobalSection
	GlobalSection(SolutionProperties) = preSolution
		HideSolutionNode = FALSE
	EndGlobalSection
	GlobalSection(ExtensibilityGlobals) = postSolution
		SolutionGuid = {C13A1896-349D-4AD1-95A7-A800F4065498}
	EndGlobalSection
EndGlobal
